
Microsoft Visual Studio Solution File, Format Version 12.00
# Visual Studio Version 17
VisualStudioVersion = 17.0.32112.339
MinimumVisualStudioVersion = 10.0.40219.1
Project("{FAE04EC0-301F-11D3-BF4B-00C04F79EFBC}") = "RA2Lib", "RA2Lib\RA2Lib.csproj", "{6041A0E4-ED22-43B6-8B01-75BDFB5EAF02}"
EndProject
Project("{FAE04EC0-301F-11D3-BF4B-00C04F79EFBC}") = "RA2Render", "RA2Render\RA2Render.csproj", "{7B01BEF9-3121-45D5-A931-4DE497BF887A}"
EndProject
Global
	GlobalSection(SolutionConfigurationPlatforms) = preSolution
		Debug|Any CPU = Debug|Any CPU
		Debug|Mixed Platforms = Debug|Mixed Platforms
		Debug|x86 = Debug|x86
		Release|Any CPU = Release|Any CPU
		Release|Mixed Platforms = Release|Mixed Platforms
		Release|x86 = Release|x86
	EndGlobalSection
	GlobalSection(ProjectConfigurationPlatforms) = postSolution
		{6041A0E4-ED22-43B6-8B01-75BDFB5EAF02}.Debug|Any CPU.ActiveCfg = Debug|Any CPU
		{6041A0E4-ED22-43B6-8B01-75BDFB5EAF02}.Debug|Any CPU.Build.0 = Debug|Any CPU
		{6041A0E4-ED22-43B6-8B01-75BDFB5EAF02}.Debug|Mixed Platforms.ActiveCfg = Debug|Any CPU
		{6041A0E4-ED22-43B6-8B01-75BDFB5EAF02}.Debug|Mixed Platforms.Build.0 = Debug|Any CPU
		{6041A0E4-ED22-43B6-8B01-75BDFB5EAF02}.Debug|x86.ActiveCfg = Debug|Any CPU
		{6041A0E4-ED22-43B6-8B01-75BDFB5EAF02}.Debug|x86.Build.0 = Debug|Any CPU
		{6041A0E4-ED22-43B6-8B01-75BDFB5EAF02}.Release|Any CPU.ActiveCfg = Release|Any CPU
		{6041A0E4-ED22-43B6-8B01-75BDFB5EAF02}.Release|Any CPU.Build.0 = Release|Any CPU
		{6041A0E4-ED22-43B6-8B01-75BDFB5EAF02}.Release|Mixed Platforms.ActiveCfg = Release|Any CPU
		{6041A0E4-ED22-43B6-8B01-75BDFB5EAF02}.Release|Mixed Platforms.Build.0 = Release|Any CPU
		{6041A0E4-ED22-43B6-8B01-75BDFB5EAF02}.Release|x86.ActiveCfg = Release|Any CPU
		{6041A0E4-ED22-43B6-8B01-75BDFB5EAF02}.Release|x86.Build.0 = Release|Any CPU
		{7B01BEF9-3121-45D5-A931-4DE497BF887A}.Debug|Any CPU.ActiveCfg = Debug|Any CPU
		{7B01BEF9-3121-45D5-A931-4DE497BF887A}.Debug|Any CPU.Build.0 = Debug|Any CPU
		{7B01BEF9-3121-45D5-A931-4DE497BF887A}.Debug|Mixed Platforms.ActiveCfg = Debug|Any CPU
		{7B01BEF9-3121-45D5-A931-4DE497BF887A}.Debug|Mixed Platforms.Build.0 = Debug|Any CPU
		{7B01BEF9-3121-45D5-A931-4DE497BF887A}.Debug|x86.ActiveCfg = Debug|Any CPU
		{7B01BEF9-3121-45D5-A931-4DE497BF887A}.Debug|x86.Build.0 = Debug|Any CPU
		{7B01BEF9-3121-45D5-A931-4DE497BF887A}.Release|Any CPU.ActiveCfg = Release|Any CPU
		{7B01BEF9-3121-45D5-A931-4DE497BF887A}.Release|Any CPU.Build.0 = Release|Any CPU
		{7B01BEF9-3121-45D5-A931-4DE497BF887A}.Release|Mixed Platforms.ActiveCfg = Release|Any CPU
		{7B01BEF9-3121-45D5-A931-4DE497BF887A}.Release|Mixed Platforms.Build.0 = Release|Any CPU
		{7B01BEF9-3121-45D5-A931-4DE497BF887A}.Release|x86.ActiveCfg = Release|Any CPU
		{7B01BEF9-3121-45D5-A931-4DE497BF887A}.Release|x86.Build.0 = Release|Any CPU
	EndGlobalSection
	GlobalSection(SolutionProperties) = preSolution
		HideSolutionNode = FALSE
	EndGlobalSection
	GlobalSection(ExtensibilityGlobals) = postSolution
		SolutionGuid = {D21B25FE-289E-4F67-BE60-93C2489C8EC6}
	EndGlobalSection
EndGlobal
